// !$*UTF8*$!
{
	archiveVersion = 1;
	classes = {
	};
	objectVersion = 56;
	objects = {

/* Begin PBXBuildFile section */
		0523A1DC2928DAE800879250 /* RealmPokemonModel.swift in Sources */ = {isa = PBXBuildFile; fileRef = 0523A1DB2928DAE800879250 /* RealmPokemonModel.swift */; };
		0523A1DE2928DDE600879250 /* RealmManager.swift in Sources */ = {isa = PBXBuildFile; fileRef = 0523A1DD2928DDE600879250 /* RealmManager.swift */; };
		0523A1E0292938B400879250 /* NetworkMonitor.swift in Sources */ = {isa = PBXBuildFile; fileRef = 0523A1DF292938B400879250 /* NetworkMonitor.swift */; };
		0523A1E22929484300879250 /* RealmNameModel.swift in Sources */ = {isa = PBXBuildFile; fileRef = 0523A1E12929484300879250 /* RealmNameModel.swift */; };
		0539689C292A777800365D73 /* CachedImageView.swift in Sources */ = {isa = PBXBuildFile; fileRef = 0539689B292A777800365D73 /* CachedImageView.swift */; };
		053968A2292A7E7400365D73 /* PokemonListPresenter.swift in Sources */ = {isa = PBXBuildFile; fileRef = 0539689E292A7E7400365D73 /* PokemonListPresenter.swift */; };
		053968A3292A7E7400365D73 /* PokemonListViewControllerView.swift in Sources */ = {isa = PBXBuildFile; fileRef = 0539689F292A7E7400365D73 /* PokemonListViewControllerView.swift */; };
		053968A4292A7E7400365D73 /* PokemonListViewController.swift in Sources */ = {isa = PBXBuildFile; fileRef = 053968A0292A7E7400365D73 /* PokemonListViewController.swift */; };
		053968A5292A7E7400365D73 /* PokemonListConfigurator.swift in Sources */ = {isa = PBXBuildFile; fileRef = 053968A1292A7E7400365D73 /* PokemonListConfigurator.swift */; };
		053968AC292A8C2800365D73 /* PokemonPresenter.swift in Sources */ = {isa = PBXBuildFile; fileRef = 053968A8292A8C2800365D73 /* PokemonPresenter.swift */; };
		053968AD292A8C2800365D73 /* PokemonViewControllerView.swift in Sources */ = {isa = PBXBuildFile; fileRef = 053968A9292A8C2800365D73 /* PokemonViewControllerView.swift */; };
		053968AE292A8C2800365D73 /* PokemonViewController.swift in Sources */ = {isa = PBXBuildFile; fileRef = 053968AA292A8C2800365D73 /* PokemonViewController.swift */; };
		053968AF292A8C2800365D73 /* PokemonConfigurator.swift in Sources */ = {isa = PBXBuildFile; fileRef = 053968AB292A8C2800365D73 /* PokemonConfigurator.swift */; };
		053DA1922923D2DE00A8F074 /* AppDelegate.swift in Sources */ = {isa = PBXBuildFile; fileRef = 053DA1912923D2DE00A8F074 /* AppDelegate.swift */; };
		053DA1942923D2DE00A8F074 /* SceneDelegate.swift in Sources */ = {isa = PBXBuildFile; fileRef = 053DA1932923D2DE00A8F074 /* SceneDelegate.swift */; };
		053DA1992923D2DE00A8F074 /* Main.storyboard in Resources */ = {isa = PBXBuildFile; fileRef = 053DA1972923D2DE00A8F074 /* Main.storyboard */; };
		053DA19B2923D2DF00A8F074 /* Assets.xcassets in Resources */ = {isa = PBXBuildFile; fileRef = 053DA19A2923D2DF00A8F074 /* Assets.xcassets */; };
		053DA1A72923D71400A8F074 /* PokemonCell.swift in Sources */ = {isa = PBXBuildFile; fileRef = 053DA1A62923D71400A8F074 /* PokemonCell.swift */; };
		053DA1AF2923EF5100A8F074 /* BackendAPI.swift in Sources */ = {isa = PBXBuildFile; fileRef = 053DA1AE2923EF5100A8F074 /* BackendAPI.swift */; };
		053DA1B12923F5E000A8F074 /* NetworkManager.swift in Sources */ = {isa = PBXBuildFile; fileRef = 053DA1B02923F5E000A8F074 /* NetworkManager.swift */; };
		053DA1B42923F84200A8F074 /* PokemonResults.swift in Sources */ = {isa = PBXBuildFile; fileRef = 053DA1B32923F84200A8F074 /* PokemonResults.swift */; };
		056B6CB12926442E002EC214 /* Types.swift in Sources */ = {isa = PBXBuildFile; fileRef = 056B6CB02926442E002EC214 /* Types.swift */; };
		056B6CB32926542A002EC214 /* Extension.swift in Sources */ = {isa = PBXBuildFile; fileRef = 056B6CB22926542A002EC214 /* Extension.swift */; };
		05C232B929294BDB004BB89D /* PokemonsTests.swift in Sources */ = {isa = PBXBuildFile; fileRef = 05C232B829294BDB004BB89D /* PokemonsTests.swift */; };
		05F7D69229277274006FB839 /* Sprites.swift in Sources */ = {isa = PBXBuildFile; fileRef = 05F7D69129277274006FB839 /* Sprites.swift */; };
		05F7D694292772A6006FB839 /* PokemonType.swift in Sources */ = {isa = PBXBuildFile; fileRef = 05F7D693292772A6006FB839 /* PokemonType.swift */; };
		05FE34392925336100CDFC93 /* PokemonDetails.swift in Sources */ = {isa = PBXBuildFile; fileRef = 05FE34382925336100CDFC93 /* PokemonDetails.swift */; };
		30E8175D17445A27C3A2070C /* Pods_Pokemons.framework in Frameworks */ = {isa = PBXBuildFile; fileRef = 2BD407ED03CD124041FB4E8F /* Pods_Pokemons.framework */; };
/* End PBXBuildFile section */

/* Begin PBXContainerItemProxy section */
		05C232BA29294BDB004BB89D /* PBXContainerItemProxy */ = {
			isa = PBXContainerItemProxy;
			containerPortal = 053DA1862923D2DE00A8F074 /* Project object */;
			proxyType = 1;
			remoteGlobalIDString = 053DA18D2923D2DE00A8F074;
			remoteInfo = Pokemons;
		};
/* End PBXContainerItemProxy section */

/* Begin PBXFileReference section */
		0523A1DB2928DAE800879250 /* RealmPokemonModel.swift */ = {isa = PBXFileReference; lastKnownFileType = sourcecode.swift; path = RealmPokemonModel.swift; sourceTree = "<group>"; };
		0523A1DD2928DDE600879250 /* RealmManager.swift */ = {isa = PBXFileReference; lastKnownFileType = sourcecode.swift; path = RealmManager.swift; sourceTree = "<group>"; };
		0523A1DF292938B400879250 /* NetworkMonitor.swift */ = {isa = PBXFileReference; lastKnownFileType = sourcecode.swift; path = NetworkMonitor.swift; sourceTree = "<group>"; };
		0523A1E12929484300879250 /* RealmNameModel.swift */ = {isa = PBXFileReference; lastKnownFileType = sourcecode.swift; path = RealmNameModel.swift; sourceTree = "<group>"; };
		0539689B292A777800365D73 /* CachedImageView.swift */ = {isa = PBXFileReference; lastKnownFileType = sourcecode.swift; path = CachedImageView.swift; sourceTree = "<group>"; };
		0539689E292A7E7400365D73 /* PokemonListPresenter.swift */ = {isa = PBXFileReference; lastKnownFileType = sourcecode.swift; path = PokemonListPresenter.swift; sourceTree = "<group>"; };
		0539689F292A7E7400365D73 /* PokemonListViewControllerView.swift */ = {isa = PBXFileReference; lastKnownFileType = sourcecode.swift; path = PokemonListViewControllerView.swift; sourceTree = "<group>"; };
		053968A0292A7E7400365D73 /* PokemonListViewController.swift */ = {isa = PBXFileReference; lastKnownFileType = sourcecode.swift; path = PokemonListViewController.swift; sourceTree = "<group>"; };
		053968A1292A7E7400365D73 /* PokemonListConfigurator.swift */ = {isa = PBXFileReference; lastKnownFileType = sourcecode.swift; path = PokemonListConfigurator.swift; sourceTree = "<group>"; };
		053968A8292A8C2800365D73 /* PokemonPresenter.swift */ = {isa = PBXFileReference; lastKnownFileType = sourcecode.swift; path = PokemonPresenter.swift; sourceTree = "<group>"; };
		053968A9292A8C2800365D73 /* PokemonViewControllerView.swift */ = {isa = PBXFileReference; lastKnownFileType = sourcecode.swift; path = PokemonViewControllerView.swift; sourceTree = "<group>"; };
		053968AA292A8C2800365D73 /* PokemonViewController.swift */ = {isa = PBXFileReference; lastKnownFileType = sourcecode.swift; path = PokemonViewController.swift; sourceTree = "<group>"; };
		053968AB292A8C2800365D73 /* PokemonConfigurator.swift */ = {isa = PBXFileReference; lastKnownFileType = sourcecode.swift; path = PokemonConfigurator.swift; sourceTree = "<group>"; };
		053DA18E2923D2DE00A8F074 /* Pokemons.app */ = {isa = PBXFileReference; explicitFileType = wrapper.application; includeInIndex = 0; path = Pokemons.app; sourceTree = BUILT_PRODUCTS_DIR; };
		053DA1912923D2DE00A8F074 /* AppDelegate.swift */ = {isa = PBXFileReference; lastKnownFileType = sourcecode.swift; path = AppDelegate.swift; sourceTree = "<group>"; };
		053DA1932923D2DE00A8F074 /* SceneDelegate.swift */ = {isa = PBXFileReference; lastKnownFileType = sourcecode.swift; path = SceneDelegate.swift; sourceTree = "<group>"; };
		053DA1982923D2DE00A8F074 /* Base */ = {isa = PBXFileReference; lastKnownFileType = file.storyboard; name = Base; path = Base.lproj/Main.storyboard; sourceTree = "<group>"; };
		053DA19A2923D2DF00A8F074 /* Assets.xcassets */ = {isa = PBXFileReference; lastKnownFileType = folder.assetcatalog; path = Assets.xcassets; sourceTree = "<group>"; };
		053DA19F2923D2DF00A8F074 /* Info.plist */ = {isa = PBXFileReference; lastKnownFileType = text.plist.xml; path = Info.plist; sourceTree = "<group>"; };
		053DA1A62923D71400A8F074 /* PokemonCell.swift */ = {isa = PBXFileReference; lastKnownFileType = sourcecode.swift; path = PokemonCell.swift; sourceTree = "<group>"; };
		053DA1AE2923EF5100A8F074 /* BackendAPI.swift */ = {isa = PBXFileReference; lastKnownFileType = sourcecode.swift; path = BackendAPI.swift; sourceTree = "<group>"; };
		053DA1B02923F5E000A8F074 /* NetworkManager.swift */ = {isa = PBXFileReference; lastKnownFileType = sourcecode.swift; path = NetworkManager.swift; sourceTree = "<group>"; };
		053DA1B32923F84200A8F074 /* PokemonResults.swift */ = {isa = PBXFileReference; lastKnownFileType = sourcecode.swift; path = PokemonResults.swift; sourceTree = "<group>"; };
		056B6CB02926442E002EC214 /* Types.swift */ = {isa = PBXFileReference; lastKnownFileType = sourcecode.swift; path = Types.swift; sourceTree = "<group>"; };
		056B6CB22926542A002EC214 /* Extension.swift */ = {isa = PBXFileReference; lastKnownFileType = sourcecode.swift; path = Extension.swift; sourceTree = "<group>"; };
		05C232B629294BDB004BB89D /* PokemonsTests.xctest */ = {isa = PBXFileReference; explicitFileType = wrapper.cfbundle; includeInIndex = 0; path = PokemonsTests.xctest; sourceTree = BUILT_PRODUCTS_DIR; };
		05C232B829294BDB004BB89D /* PokemonsTests.swift */ = {isa = PBXFileReference; lastKnownFileType = sourcecode.swift; path = PokemonsTests.swift; sourceTree = "<group>"; };
		05F7D69129277274006FB839 /* Sprites.swift */ = {isa = PBXFileReference; lastKnownFileType = sourcecode.swift; path = Sprites.swift; sourceTree = "<group>"; };
		05F7D693292772A6006FB839 /* PokemonType.swift */ = {isa = PBXFileReference; lastKnownFileType = sourcecode.swift; path = PokemonType.swift; sourceTree = "<group>"; };
		05FE34382925336100CDFC93 /* PokemonDetails.swift */ = {isa = PBXFileReference; lastKnownFileType = sourcecode.swift; path = PokemonDetails.swift; sourceTree = "<group>"; };
		2BD407ED03CD124041FB4E8F /* Pods_Pokemons.framework */ = {isa = PBXFileReference; explicitFileType = wrapper.framework; includeInIndex = 0; path = Pods_Pokemons.framework; sourceTree = BUILT_PRODUCTS_DIR; };
		6A14D6047857BE994376DA2E /* Pods-Pokemons.debug.xcconfig */ = {isa = PBXFileReference; includeInIndex = 1; lastKnownFileType = text.xcconfig; name = "Pods-Pokemons.debug.xcconfig"; path = "Target Support Files/Pods-Pokemons/Pods-Pokemons.debug.xcconfig"; sourceTree = "<group>"; };
		C21F04A2DF44C871349A4EFE /* Pods-Pokemons.release.xcconfig */ = {isa = PBXFileReference; includeInIndex = 1; lastKnownFileType = text.xcconfig; name = "Pods-Pokemons.release.xcconfig"; path = "Target Support Files/Pods-Pokemons/Pods-Pokemons.release.xcconfig"; sourceTree = "<group>"; };
/* End PBXFileReference section */

/* Begin PBXFrameworksBuildPhase section */
		053DA18B2923D2DE00A8F074 /* Frameworks */ = {
			isa = PBXFrameworksBuildPhase;
			buildActionMask = 2147483647;
			files = (
				30E8175D17445A27C3A2070C /* Pods_Pokemons.framework in Frameworks */,
			);
			runOnlyForDeploymentPostprocessing = 0;
		};
		05C232B329294BDB004BB89D /* Frameworks */ = {
			isa = PBXFrameworksBuildPhase;
			buildActionMask = 2147483647;
			files = (
			);
			runOnlyForDeploymentPostprocessing = 0;
		};
/* End PBXFrameworksBuildPhase section */

/* Begin PBXGroup section */
		0523A1DA2928DAD300879250 /* Realm */ = {
			isa = PBXGroup;
			children = (
				0523A1E12929484300879250 /* RealmNameModel.swift */,
				0523A1DB2928DAE800879250 /* RealmPokemonModel.swift */,
				0523A1DD2928DDE600879250 /* RealmManager.swift */,
				0523A1DF292938B400879250 /* NetworkMonitor.swift */,
			);
			path = Realm;
			sourceTree = "<group>";
		};
		05396893292A57FB00365D73 /* App */ = {
			isa = PBXGroup;
			children = (
				053DA1912923D2DE00A8F074 /* AppDelegate.swift */,
				053DA1932923D2DE00A8F074 /* SceneDelegate.swift */,
			);
			path = App;
			sourceTree = "<group>";
		};
		05396895292A582500365D73 /* Presenters */ = {
			isa = PBXGroup;
			children = (
				053968A8292A8C2800365D73 /* PokemonPresenter.swift */,
				0539689E292A7E7400365D73 /* PokemonListPresenter.swift */,
			);
			path = Presenters;
			sourceTree = "<group>";
		};
		0539689A292A776200365D73 /* Generals */ = {
			isa = PBXGroup;
			children = (
				0539689B292A777800365D73 /* CachedImageView.swift */,
			);
			path = Generals;
			sourceTree = "<group>";
		};
		0539689D292A7E1500365D73 /* PokemonListViewController */ = {
			isa = PBXGroup;
			children = (
				0539689F292A7E7400365D73 /* PokemonListViewControllerView.swift */,
				053968A0292A7E7400365D73 /* PokemonListViewController.swift */,
			);
			path = PokemonListViewController;
			sourceTree = "<group>";
		};
		053968A6292A7E8500365D73 /* Configurators */ = {
			isa = PBXGroup;
			children = (
				053968A1292A7E7400365D73 /* PokemonListConfigurator.swift */,
				053968AB292A8C2800365D73 /* PokemonConfigurator.swift */,
			);
			path = Configurators;
			sourceTree = "<group>";
		};
		053968A7292A8BFE00365D73 /* PokemonViewController */ = {
			isa = PBXGroup;
			children = (
				053968A9292A8C2800365D73 /* PokemonViewControllerView.swift */,
				053968AA292A8C2800365D73 /* PokemonViewController.swift */,
			);
			path = PokemonViewController;
			sourceTree = "<group>";
		};
		053DA1852923D2DE00A8F074 = {
			isa = PBXGroup;
			children = (
				053DA1902923D2DE00A8F074 /* Pokemons */,
				05C232B729294BDB004BB89D /* PokemonsTests */,
				053DA18F2923D2DE00A8F074 /* Products */,
				9D7076DEF01A2CBA104F9162 /* Pods */,
				A17D70762E595EB1B84C45DA /* Frameworks */,
			);
			sourceTree = "<group>";
		};
		053DA18F2923D2DE00A8F074 /* Products */ = {
			isa = PBXGroup;
			children = (
				053DA18E2923D2DE00A8F074 /* Pokemons.app */,
				05C232B629294BDB004BB89D /* PokemonsTests.xctest */,
			);
			name = Products;
			sourceTree = "<group>";
		};
		053DA1902923D2DE00A8F074 /* Pokemons */ = {
			isa = PBXGroup;
			children = (
				053968A7292A8BFE00365D73 /* PokemonViewController */,
				053968A6292A7E8500365D73 /* Configurators */,
				0539689D292A7E1500365D73 /* PokemonListViewController */,
				0539689A292A776200365D73 /* Generals */,
				05396895292A582500365D73 /* Presenters */,
				05396893292A57FB00365D73 /* App */,
				0523A1DA2928DAD300879250 /* Realm */,
				053DA1B22923F80E00A8F074 /* Models */,
				053DA1AD2923EF1200A8F074 /* BackendAPI */,
				053DA1A52923D6F400A8F074 /* Cell */,
				053DA1972923D2DE00A8F074 /* Main.storyboard */,
				053DA19A2923D2DF00A8F074 /* Assets.xcassets */,
				053DA19F2923D2DF00A8F074 /* Info.plist */,
			);
			path = Pokemons;
			sourceTree = "<group>";
		};
		053DA1A52923D6F400A8F074 /* Cell */ = {
			isa = PBXGroup;
			children = (
				053DA1A62923D71400A8F074 /* PokemonCell.swift */,
			);
			path = Cell;
			sourceTree = "<group>";
		};
		053DA1AD2923EF1200A8F074 /* BackendAPI */ = {
			isa = PBXGroup;
			children = (
				053DA1AE2923EF5100A8F074 /* BackendAPI.swift */,
				053DA1B02923F5E000A8F074 /* NetworkManager.swift */,
				056B6CB22926542A002EC214 /* Extension.swift */,
			);
			path = BackendAPI;
			sourceTree = "<group>";
		};
		053DA1B22923F80E00A8F074 /* Models */ = {
			isa = PBXGroup;
			children = (
				053DA1B32923F84200A8F074 /* PokemonResults.swift */,
				05FE34382925336100CDFC93 /* PokemonDetails.swift */,
				056B6CB02926442E002EC214 /* Types.swift */,
				05F7D69129277274006FB839 /* Sprites.swift */,
				05F7D693292772A6006FB839 /* PokemonType.swift */,
			);
			path = Models;
			sourceTree = "<group>";
		};
		05C232B729294BDB004BB89D /* PokemonsTests */ = {
			isa = PBXGroup;
			children = (
				05C232B829294BDB004BB89D /* PokemonsTests.swift */,
			);
			path = PokemonsTests;
			sourceTree = "<group>";
		};
		9D7076DEF01A2CBA104F9162 /* Pods */ = {
			isa = PBXGroup;
			children = (
				6A14D6047857BE994376DA2E /* Pods-Pokemons.debug.xcconfig */,
				C21F04A2DF44C871349A4EFE /* Pods-Pokemons.release.xcconfig */,
			);
			path = Pods;
			sourceTree = "<group>";
		};
		A17D70762E595EB1B84C45DA /* Frameworks */ = {
			isa = PBXGroup;
			children = (
				2BD407ED03CD124041FB4E8F /* Pods_Pokemons.framework */,
			);
			name = Frameworks;
			sourceTree = "<group>";
		};
/* End PBXGroup section */

/* Begin PBXNativeTarget section */
		053DA18D2923D2DE00A8F074 /* Pokemons */ = {
			isa = PBXNativeTarget;
			buildConfigurationList = 053DA1A22923D2DF00A8F074 /* Build configuration list for PBXNativeTarget "Pokemons" */;
			buildPhases = (
				F9AE07751575B8EF23B62991 /* [CP] Check Pods Manifest.lock */,
				053DA18A2923D2DE00A8F074 /* Sources */,
				053DA18B2923D2DE00A8F074 /* Frameworks */,
				053DA18C2923D2DE00A8F074 /* Resources */,
				E59B98EE9815E6FF9F5EE7C6 /* [CP] Embed Pods Frameworks */,
			);
			buildRules = (
			);
			dependencies = (
			);
			name = Pokemons;
			productName = Pokemons;
			productReference = 053DA18E2923D2DE00A8F074 /* Pokemons.app */;
			productType = "com.apple.product-type.application";
		};
		05C232B529294BDB004BB89D /* PokemonsTests */ = {
			isa = PBXNativeTarget;
			buildConfigurationList = 05C232BE29294BDB004BB89D /* Build configuration list for PBXNativeTarget "PokemonsTests" */;
			buildPhases = (
				05C232B229294BDB004BB89D /* Sources */,
				05C232B329294BDB004BB89D /* Frameworks */,
				05C232B429294BDB004BB89D /* Resources */,
			);
			buildRules = (
			);
			dependencies = (
				05C232BB29294BDB004BB89D /* PBXTargetDependency */,
			);
			name = PokemonsTests;
			productName = PokemonsTests;
			productReference = 05C232B629294BDB004BB89D /* PokemonsTests.xctest */;
			productType = "com.apple.product-type.bundle.unit-test";
		};
/* End PBXNativeTarget section */

/* Begin PBXProject section */
		053DA1862923D2DE00A8F074 /* Project object */ = {
			isa = PBXProject;
			attributes = {
				BuildIndependentTargetsInParallel = 1;
				LastSwiftUpdateCheck = 1400;
				LastUpgradeCheck = 1400;
				TargetAttributes = {
					053DA18D2923D2DE00A8F074 = {
						CreatedOnToolsVersion = 14.0;
					};
					05C232B529294BDB004BB89D = {
						CreatedOnToolsVersion = 14.0;
						TestTargetID = 053DA18D2923D2DE00A8F074;
					};
				};
			};
			buildConfigurationList = 053DA1892923D2DE00A8F074 /* Build configuration list for PBXProject "Pokemons" */;
			compatibilityVersion = "Xcode 14.0";
			developmentRegion = en;
			hasScannedForEncodings = 0;
			knownRegions = (
				en,
				Base,
			);
			mainGroup = 053DA1852923D2DE00A8F074;
			productRefGroup = 053DA18F2923D2DE00A8F074 /* Products */;
			projectDirPath = "";
			projectRoot = "";
			targets = (
				053DA18D2923D2DE00A8F074 /* Pokemons */,
				05C232B529294BDB004BB89D /* PokemonsTests */,
			);
		};
/* End PBXProject section */

/* Begin PBXResourcesBuildPhase section */
		053DA18C2923D2DE00A8F074 /* Resources */ = {
			isa = PBXResourcesBuildPhase;
			buildActionMask = 2147483647;
			files = (
				053DA19B2923D2DF00A8F074 /* Assets.xcassets in Resources */,
				053DA1992923D2DE00A8F074 /* Main.storyboard in Resources */,
			);
			runOnlyForDeploymentPostprocessing = 0;
		};
		05C232B429294BDB004BB89D /* Resources */ = {
			isa = PBXResourcesBuildPhase;
			buildActionMask = 2147483647;
			files = (
			);
			runOnlyForDeploymentPostprocessing = 0;
		};
/* End PBXResourcesBuildPhase section */

/* Begin PBXShellScriptBuildPhase section */
		E59B98EE9815E6FF9F5EE7C6 /* [CP] Embed Pods Frameworks */ = {
			isa = PBXShellScriptBuildPhase;
			buildActionMask = 2147483647;
			files = (
			);
			inputFileListPaths = (
				"${PODS_ROOT}/Target Support Files/Pods-Pokemons/Pods-Pokemons-frameworks-${CONFIGURATION}-input-files.xcfilelist",
			);
			name = "[CP] Embed Pods Frameworks";
			outputFileListPaths = (
				"${PODS_ROOT}/Target Support Files/Pods-Pokemons/Pods-Pokemons-frameworks-${CONFIGURATION}-output-files.xcfilelist",
			);
			runOnlyForDeploymentPostprocessing = 0;
			shellPath = /bin/sh;
			shellScript = "\"${PODS_ROOT}/Target Support Files/Pods-Pokemons/Pods-Pokemons-frameworks.sh\"\n";
			showEnvVarsInLog = 0;
		};
		F9AE07751575B8EF23B62991 /* [CP] Check Pods Manifest.lock */ = {
			isa = PBXShellScriptBuildPhase;
			buildActionMask = 2147483647;
			files = (
			);
			inputFileListPaths = (
			);
			inputPaths = (
				"${PODS_PODFILE_DIR_PATH}/Podfile.lock",
				"${PODS_ROOT}/Manifest.lock",
			);
			name = "[CP] Check Pods Manifest.lock";
			outputFileListPaths = (
			);
			outputPaths = (
				"$(DERIVED_FILE_DIR)/Pods-Pokemons-checkManifestLockResult.txt",
			);
			runOnlyForDeploymentPostprocessing = 0;
			shellPath = /bin/sh;
			shellScript = "diff \"${PODS_PODFILE_DIR_PATH}/Podfile.lock\" \"${PODS_ROOT}/Manifest.lock\" > /dev/null\nif [ $? != 0 ] ; then\n    # print error to STDERR\n    echo \"error: The sandbox is not in sync with the Podfile.lock. Run 'pod install' or update your CocoaPods installation.\" >&2\n    exit 1\nfi\n# This output is used by Xcode 'outputs' to avoid re-running this script phase.\necho \"SUCCESS\" > \"${SCRIPT_OUTPUT_FILE_0}\"\n";
			showEnvVarsInLog = 0;
		};
/* End PBXShellScriptBuildPhase section */

/* Begin PBXSourcesBuildPhase section */
		053DA18A2923D2DE00A8F074 /* Sources */ = {
			isa = PBXSourcesBuildPhase;
			buildActionMask = 2147483647;
			files = (
				053968AF292A8C2800365D73 /* PokemonConfigurator.swift in Sources */,
				0523A1E0292938B400879250 /* NetworkMonitor.swift in Sources */,
				0539689C292A777800365D73 /* CachedImageView.swift in Sources */,
				053968A2292A7E7400365D73 /* PokemonListPresenter.swift in Sources */,
				053DA1A72923D71400A8F074 /* PokemonCell.swift in Sources */,
				0523A1DE2928DDE600879250 /* RealmManager.swift in Sources */,
				053968AE292A8C2800365D73 /* PokemonViewController.swift in Sources */,
				053968A4292A7E7400365D73 /* PokemonListViewController.swift in Sources */,
				053DA1922923D2DE00A8F074 /* AppDelegate.swift in Sources */,
				056B6CB32926542A002EC214 /* Extension.swift in Sources */,
				053968AC292A8C2800365D73 /* PokemonPresenter.swift in Sources */,
				053DA1942923D2DE00A8F074 /* SceneDelegate.swift in Sources */,
				05F7D69229277274006FB839 /* Sprites.swift in Sources */,
				05FE34392925336100CDFC93 /* PokemonDetails.swift in Sources */,
				053968AD292A8C2800365D73 /* PokemonViewControllerView.swift in Sources */,
				053DA1B12923F5E000A8F074 /* NetworkManager.swift in Sources */,
				053DA1B42923F84200A8F074 /* PokemonResults.swift in Sources */,
				0523A1DC2928DAE800879250 /* RealmPokemonModel.swift in Sources */,
				053968A5292A7E7400365D73 /* PokemonListConfigurator.swift in Sources */,
				053DA1AF2923EF5100A8F074 /* BackendAPI.swift in Sources */,
				056B6CB12926442E002EC214 /* Types.swift in Sources */,
				05F7D694292772A6006FB839 /* PokemonType.swift in Sources */,
				0523A1E22929484300879250 /* RealmNameModel.swift in Sources */,
				053968A3292A7E7400365D73 /* PokemonListViewControllerView.swift in Sources */,
			);
			runOnlyForDeploymentPostprocessing = 0;
		};
		05C232B229294BDB004BB89D /* Sources */ = {
			isa = PBXSourcesBuildPhase;
			buildActionMask = 2147483647;
			files = (
				05C232B929294BDB004BB89D /* PokemonsTests.swift in Sources */,
			);
			runOnlyForDeploymentPostprocessing = 0;
		};
/* End PBXSourcesBuildPhase section */

/* Begin PBXTargetDependency section */
		05C232BB29294BDB004BB89D /* PBXTargetDependency */ = {
			isa = PBXTargetDependency;
			target = 053DA18D2923D2DE00A8F074 /* Pokemons */;
			targetProxy = 05C232BA29294BDB004BB89D /* PBXContainerItemProxy */;
		};
/* End PBXTargetDependency section */

/* Begin PBXVariantGroup section */
		053DA1972923D2DE00A8F074 /* Main.storyboard */ = {
			isa = PBXVariantGroup;
			children = (
				053DA1982923D2DE00A8F074 /* Base */,
			);
			name = Main.storyboard;
			sourceTree = "<group>";
		};
/* End PBXVariantGroup section */

/* Begin XCBuildConfiguration section */
		053DA1A02923D2DF00A8F074 /* Debug */ = {
			isa = XCBuildConfiguration;
			buildSettings = {
				ALWAYS_SEARCH_USER_PATHS = NO;
				CLANG_ANALYZER_NONNULL = YES;
				CLANG_ANALYZER_NUMBER_OBJECT_CONVERSION = YES_AGGRESSIVE;
				CLANG_CXX_LANGUAGE_STANDARD = "gnu++20";
				CLANG_ENABLE_MODULES = YES;
				CLANG_ENABLE_OBJC_ARC = YES;
				CLANG_ENABLE_OBJC_WEAK = YES;
				CLANG_WARN_BLOCK_CAPTURE_AUTORELEASING = YES;
				CLANG_WARN_BOOL_CONVERSION = YES;
				CLANG_WARN_COMMA = YES;
				CLANG_WARN_CONSTANT_CONVERSION = YES;
				CLANG_WARN_DEPRECATED_OBJC_IMPLEMENTATIONS = YES;
				CLANG_WARN_DIRECT_OBJC_ISA_USAGE = YES_ERROR;
				CLANG_WARN_DOCUMENTATION_COMMENTS = YES;
				CLANG_WARN_EMPTY_BODY = YES;
				CLANG_WARN_ENUM_CONVERSION = YES;
				CLANG_WARN_INFINITE_RECURSION = YES;
				CLANG_WARN_INT_CONVERSION = YES;
				CLANG_WARN_NON_LITERAL_NULL_CONVERSION = YES;
				CLANG_WARN_OBJC_IMPLICIT_RETAIN_SELF = YES;
				CLANG_WARN_OBJC_LITERAL_CONVERSION = YES;
				CLANG_WARN_OBJC_ROOT_CLASS = YES_ERROR;
				CLANG_WARN_QUOTED_INCLUDE_IN_FRAMEWORK_HEADER = YES;
				CLANG_WARN_RANGE_LOOP_ANALYSIS = YES;
				CLANG_WARN_STRICT_PROTOTYPES = YES;
				CLANG_WARN_SUSPICIOUS_MOVE = YES;
				CLANG_WARN_UNGUARDED_AVAILABILITY = YES_AGGRESSIVE;
				CLANG_WARN_UNREACHABLE_CODE = YES;
				CLANG_WARN__DUPLICATE_METHOD_MATCH = YES;
				COPY_PHASE_STRIP = NO;
				DEBUG_INFORMATION_FORMAT = dwarf;
				ENABLE_STRICT_OBJC_MSGSEND = YES;
				ENABLE_TESTABILITY = YES;
				GCC_C_LANGUAGE_STANDARD = gnu11;
				GCC_DYNAMIC_NO_PIC = NO;
				GCC_NO_COMMON_BLOCKS = YES;
				GCC_OPTIMIZATION_LEVEL = 0;
				GCC_PREPROCESSOR_DEFINITIONS = (
					"DEBUG=1",
					"$(inherited)",
				);
				GCC_WARN_64_TO_32_BIT_CONVERSION = YES;
				GCC_WARN_ABOUT_RETURN_TYPE = YES_ERROR;
				GCC_WARN_UNDECLARED_SELECTOR = YES;
				GCC_WARN_UNINITIALIZED_AUTOS = YES_AGGRESSIVE;
				GCC_WARN_UNUSED_FUNCTION = YES;
				GCC_WARN_UNUSED_VARIABLE = YES;
				IPHONEOS_DEPLOYMENT_TARGET = 16.0;
				MTL_ENABLE_DEBUG_INFO = INCLUDE_SOURCE;
				MTL_FAST_MATH = YES;
				ONLY_ACTIVE_ARCH = YES;
				SDKROOT = iphoneos;
				SWIFT_ACTIVE_COMPILATION_CONDITIONS = DEBUG;
				SWIFT_OPTIMIZATION_LEVEL = "-Onone";
			};
			name = Debug;
		};
		053DA1A12923D2DF00A8F074 /* Release */ = {
			isa = XCBuildConfiguration;
			buildSettings = {
				ALWAYS_SEARCH_USER_PATHS = NO;
				CLANG_ANALYZER_NONNULL = YES;
				CLANG_ANALYZER_NUMBER_OBJECT_CONVERSION = YES_AGGRESSIVE;
				CLANG_CXX_LANGUAGE_STANDARD = "gnu++20";
				CLANG_ENABLE_MODULES = YES;
				CLANG_ENABLE_OBJC_ARC = YES;
				CLANG_ENABLE_OBJC_WEAK = YES;
				CLANG_WARN_BLOCK_CAPTURE_AUTORELEASING = YES;
				CLANG_WARN_BOOL_CONVERSION = YES;
				CLANG_WARN_COMMA = YES;
				CLANG_WARN_CONSTANT_CONVERSION = YES;
				CLANG_WARN_DEPRECATED_OBJC_IMPLEMENTATIONS = YES;
				CLANG_WARN_DIRECT_OBJC_ISA_USAGE = YES_ERROR;
				CLANG_WARN_DOCUMENTATION_COMMENTS = YES;
				CLANG_WARN_EMPTY_BODY = YES;
				CLANG_WARN_ENUM_CONVERSION = YES;
				CLANG_WARN_INFINITE_RECURSION = YES;
				CLANG_WARN_INT_CONVERSION = YES;
				CLANG_WARN_NON_LITERAL_NULL_CONVERSION = YES;
				CLANG_WARN_OBJC_IMPLICIT_RETAIN_SELF = YES;
				CLANG_WARN_OBJC_LITERAL_CONVERSION = YES;
				CLANG_WARN_OBJC_ROOT_CLASS = YES_ERROR;
				CLANG_WARN_QUOTED_INCLUDE_IN_FRAMEWORK_HEADER = YES;
				CLANG_WARN_RANGE_LOOP_ANALYSIS = YES;
				CLANG_WARN_STRICT_PROTOTYPES = YES;
				CLANG_WARN_SUSPICIOUS_MOVE = YES;
				CLANG_WARN_UNGUARDED_AVAILABILITY = YES_AGGRESSIVE;
				CLANG_WARN_UNREACHABLE_CODE = YES;
				CLANG_WARN__DUPLICATE_METHOD_MATCH = YES;
				COPY_PHASE_STRIP = NO;
				DEBUG_INFORMATION_FORMAT = "dwarf-with-dsym";
				ENABLE_NS_ASSERTIONS = NO;
				ENABLE_STRICT_OBJC_MSGSEND = YES;
				GCC_C_LANGUAGE_STANDARD = gnu11;
				GCC_NO_COMMON_BLOCKS = YES;
				GCC_WARN_64_TO_32_BIT_CONVERSION = YES;
				GCC_WARN_ABOUT_RETURN_TYPE = YES_ERROR;
				GCC_WARN_UNDECLARED_SELECTOR = YES;
				GCC_WARN_UNINITIALIZED_AUTOS = YES_AGGRESSIVE;
				GCC_WARN_UNUSED_FUNCTION = YES;
				GCC_WARN_UNUSED_VARIABLE = YES;
				IPHONEOS_DEPLOYMENT_TARGET = 16.0;
				MTL_ENABLE_DEBUG_INFO = NO;
				MTL_FAST_MATH = YES;
				SDKROOT = iphoneos;
				SWIFT_COMPILATION_MODE = wholemodule;
				SWIFT_OPTIMIZATION_LEVEL = "-O";
				VALIDATE_PRODUCT = YES;
			};
			name = Release;
		};
		053DA1A32923D2DF00A8F074 /* Debug */ = {
			isa = XCBuildConfiguration;
			baseConfigurationReference = 6A14D6047857BE994376DA2E /* Pods-Pokemons.debug.xcconfig */;
			buildSettings = {
				ASSETCATALOG_COMPILER_APPICON_NAME = AppIcon;
				ASSETCATALOG_COMPILER_GLOBAL_ACCENT_COLOR_NAME = AccentColor;
				CODE_SIGN_STYLE = Automatic;
				CURRENT_PROJECT_VERSION = 1;
				DEVELOPMENT_TEAM = XHSZKMHDMF;
				GENERATE_INFOPLIST_FILE = YES;
				INFOPLIST_FILE = Pokemons/Info.plist;
				INFOPLIST_KEY_UIApplicationSupportsIndirectInputEvents = YES;
				INFOPLIST_KEY_UILaunchStoryboardName = LaunchScreen;
				INFOPLIST_KEY_UIMainStoryboardFile = Main;
				INFOPLIST_KEY_UISupportedInterfaceOrientations_iPad = "UIInterfaceOrientationPortrait UIInterfaceOrientationPortraitUpsideDown UIInterfaceOrientationLandscapeLeft UIInterfaceOrientationLandscapeRight";
				INFOPLIST_KEY_UISupportedInterfaceOrientations_iPhone = "UIInterfaceOrientationPortrait UIInterfaceOrientationLandscapeLeft UIInterfaceOrientationLandscapeRight";
				LD_RUNPATH_SEARCH_PATHS = (
					"$(inherited)",
					"@executable_path/Frameworks",
				);
				MARKETING_VERSION = 1.0;
				PRODUCT_BUNDLE_IDENTIFIER = SashaZ.Pokemons;
				PRODUCT_NAME = "$(TARGET_NAME)";
				SWIFT_EMIT_LOC_STRINGS = YES;
				SWIFT_VERSION = 5.0;
				TARGETED_DEVICE_FAMILY = "1,2";
			};
			name = Debug;
		};
		053DA1A42923D2DF00A8F074 /* Release */ = {
			isa = XCBuildConfiguration;
			baseConfigurationReference = C21F04A2DF44C871349A4EFE /* Pods-Pokemons.release.xcconfig */;
			buildSettings = {
				ASSETCATALOG_COMPILER_APPICON_NAME = AppIcon;
				ASSETCATALOG_COMPILER_GLOBAL_ACCENT_COLOR_NAME = AccentColor;
				CODE_SIGN_STYLE = Automatic;
				CURRENT_PROJECT_VERSION = 1;
				DEVELOPMENT_TEAM = XHSZKMHDMF;
				GENERATE_INFOPLIST_FILE = YES;
				INFOPLIST_FILE = Pokemons/Info.plist;
				INFOPLIST_KEY_UIApplicationSupportsIndirectInputEvents = YES;
				INFOPLIST_KEY_UILaunchStoryboardName = LaunchScreen;
				INFOPLIST_KEY_UIMainStoryboardFile = Main;
				INFOPLIST_KEY_UISupportedInterfaceOrientations_iPad = "UIInterfaceOrientationPortrait UIInterfaceOrientationPortraitUpsideDown UIInterfaceOrientationLandscapeLeft UIInterfaceOrientationLandscapeRight";
				INFOPLIST_KEY_UISupportedInterfaceOrientations_iPhone = "UIInterfaceOrientationPortrait UIInterfaceOrientationLandscapeLeft UIInterfaceOrientationLandscapeRight";
				LD_RUNPATH_SEARCH_PATHS = (
					"$(inherited)",
					"@executable_path/Frameworks",
				);
				MARKETING_VERSION = 1.0;
				PRODUCT_BUNDLE_IDENTIFIER = SashaZ.Pokemons;
				PRODUCT_NAME = "$(TARGET_NAME)";
				SWIFT_EMIT_LOC_STRINGS = YES;
				SWIFT_VERSION = 5.0;
				TARGETED_DEVICE_FAMILY = "1,2";
			};
			name = Release;
		};
		05C232BC29294BDB004BB89D /* Debug */ = {
			isa = XCBuildConfiguration;
			buildSettings = {
				BUNDLE_LOADER = "$(TEST_HOST)";
				CODE_SIGN_STYLE = Automatic;
				CURRENT_PROJECT_VERSION = 1;
				DEVELOPMENT_TEAM = XHSZKMHDMF;
				GENERATE_INFOPLIST_FILE = YES;
				MARKETING_VERSION = 1.0;
				PRODUCT_BUNDLE_IDENTIFIER = SashaZ.PokemonsTests;
				PRODUCT_NAME = "$(TARGET_NAME)";
				SWIFT_EMIT_LOC_STRINGS = NO;
				SWIFT_VERSION = 5.0;
				TARGETED_DEVICE_FAMILY = "1,2";
				TEST_HOST = "$(BUILT_PRODUCTS_DIR)/Pokemons.app/$(BUNDLE_EXECUTABLE_FOLDER_PATH)/Pokemons";
			};
			name = Debug;
		};
		05C232BD29294BDB004BB89D /* Release */ = {
			isa = XCBuildConfiguration;
			buildSettings = {
				BUNDLE_LOADER = "$(TEST_HOST)";
				CODE_SIGN_STYLE = Automatic;
				CURRENT_PROJECT_VERSION = 1;
				DEVELOPMENT_TEAM = XHSZKMHDMF;
				GENERATE_INFOPLIST_FILE = YES;
				MARKETING_VERSION = 1.0;
				PRODUCT_BUNDLE_IDENTIFIER = SashaZ.PokemonsTests;
				PRODUCT_NAME = "$(TARGET_NAME)";
				SWIFT_EMIT_LOC_STRINGS = NO;
				SWIFT_VERSION = 5.0;
				TARGETED_DEVICE_FAMILY = "1,2";
				TEST_HOST = "$(BUILT_PRODUCTS_DIR)/Pokemons.app/$(BUNDLE_EXECUTABLE_FOLDER_PATH)/Pokemons";
			};
			name = Release;
		};
/* End XCBuildConfiguration section */

/* Begin XCConfigurationList section */
		053DA1892923D2DE00A8F074 /* Build configuration list for PBXProject "Pokemons" */ = {
			isa = XCConfigurationList;
			buildConfigurations = (
				053DA1A02923D2DF00A8F074 /* Debug */,
				053DA1A12923D2DF00A8F074 /* Release */,
			);
			defaultConfigurationIsVisible = 0;
			defaultConfigurationName = Release;
		};
		053DA1A22923D2DF00A8F074 /* Build configuration list for PBXNativeTarget "Pokemons" */ = {
			isa = XCConfigurationList;
			buildConfigurations = (
				053DA1A32923D2DF00A8F074 /* Debug */,
				053DA1A42923D2DF00A8F074 /* Release */,
			);
			defaultConfigurationIsVisible = 0;
			defaultConfigurationName = Release;
		};
		05C232BE29294BDB004BB89D /* Build configuration list for PBXNativeTarget "PokemonsTests" */ = {
			isa = XCConfigurationList;
			buildConfigurations = (
				05C232BC29294BDB004BB89D /* Debug */,
				05C232BD29294BDB004BB89D /* Release */,
			);
			defaultConfigurationIsVisible = 0;
			defaultConfigurationName = Release;
		};
/* End XCConfigurationList section */
	};
	rootObject = 053DA1862923D2DE00A8F074 /* Project object */;
}
