// !$*UTF8*$!
{
	archiveVersion = 1;
	classes = {
	};
	objectVersion = 56;
	objects = {

/* Begin PBXBuildFile section */
		053DA1922923D2DE00A8F074 /* AppDelegate.swift in Sources */ = {isa = PBXBuildFile; fileRef = 053DA1912923D2DE00A8F074 /* AppDelegate.swift */; };
		053DA1942923D2DE00A8F074 /* SceneDelegate.swift in Sources */ = {isa = PBXBuildFile; fileRef = 053DA1932923D2DE00A8F074 /* SceneDelegate.swift */; };
		053DA1962923D2DE00A8F074 /* ViewController.swift in Sources */ = {isa = PBXBuildFile; fileRef = 053DA1952923D2DE00A8F074 /* ViewController.swift */; };
		053DA1992923D2DE00A8F074 /* Main.storyboard in Resources */ = {isa = PBXBuildFile; fileRef = 053DA1972923D2DE00A8F074 /* Main.storyboard */; };
		053DA19B2923D2DF00A8F074 /* Assets.xcassets in Resources */ = {isa = PBXBuildFile; fileRef = 053DA19A2923D2DF00A8F074 /* Assets.xcassets */; };
		053DA19E2923D2DF00A8F074 /* LaunchScreen.storyboard in Resources */ = {isa = PBXBuildFile; fileRef = 053DA19C2923D2DF00A8F074 /* LaunchScreen.storyboard */; };
		053DA1A72923D71400A8F074 /* PokemonCell.swift in Sources */ = {isa = PBXBuildFile; fileRef = 053DA1A62923D71400A8F074 /* PokemonCell.swift */; };
		053DA1A92923DEEE00A8F074 /* PokemonDetailsVC.swift in Sources */ = {isa = PBXBuildFile; fileRef = 053DA1A82923DEEE00A8F074 /* PokemonDetailsVC.swift */; };
		053DA1AC2923E3C400A8F074 /* PokemonDetailsLabel.swift in Sources */ = {isa = PBXBuildFile; fileRef = 053DA1AB2923E3C400A8F074 /* PokemonDetailsLabel.swift */; };
		053DA1AF2923EF5100A8F074 /* BackendAPI.swift in Sources */ = {isa = PBXBuildFile; fileRef = 053DA1AE2923EF5100A8F074 /* BackendAPI.swift */; };
		053DA1B12923F5E000A8F074 /* NetworkManager.swift in Sources */ = {isa = PBXBuildFile; fileRef = 053DA1B02923F5E000A8F074 /* NetworkManager.swift */; };
		053DA1B42923F84200A8F074 /* PokemonResults.swift in Sources */ = {isa = PBXBuildFile; fileRef = 053DA1B32923F84200A8F074 /* PokemonResults.swift */; };
		30E8175D17445A27C3A2070C /* Pods_Pokemons.framework in Frameworks */ = {isa = PBXBuildFile; fileRef = 2BD407ED03CD124041FB4E8F /* Pods_Pokemons.framework */; };
/* End PBXBuildFile section */

/* Begin PBXFileReference section */
		053DA18E2923D2DE00A8F074 /* Pokemons.app */ = {isa = PBXFileReference; explicitFileType = wrapper.application; includeInIndex = 0; path = Pokemons.app; sourceTree = BUILT_PRODUCTS_DIR; };
		053DA1912923D2DE00A8F074 /* AppDelegate.swift */ = {isa = PBXFileReference; lastKnownFileType = sourcecode.swift; path = AppDelegate.swift; sourceTree = "<group>"; };
		053DA1932923D2DE00A8F074 /* SceneDelegate.swift */ = {isa = PBXFileReference; lastKnownFileType = sourcecode.swift; path = SceneDelegate.swift; sourceTree = "<group>"; };
		053DA1952923D2DE00A8F074 /* ViewController.swift */ = {isa = PBXFileReference; lastKnownFileType = sourcecode.swift; path = ViewController.swift; sourceTree = "<group>"; };
		053DA1982923D2DE00A8F074 /* Base */ = {isa = PBXFileReference; lastKnownFileType = file.storyboard; name = Base; path = Base.lproj/Main.storyboard; sourceTree = "<group>"; };
		053DA19A2923D2DF00A8F074 /* Assets.xcassets */ = {isa = PBXFileReference; lastKnownFileType = folder.assetcatalog; path = Assets.xcassets; sourceTree = "<group>"; };
		053DA19D2923D2DF00A8F074 /* Base */ = {isa = PBXFileReference; lastKnownFileType = file.storyboard; name = Base; path = Base.lproj/LaunchScreen.storyboard; sourceTree = "<group>"; };
		053DA19F2923D2DF00A8F074 /* Info.plist */ = {isa = PBXFileReference; lastKnownFileType = text.plist.xml; path = Info.plist; sourceTree = "<group>"; };
		053DA1A62923D71400A8F074 /* PokemonCell.swift */ = {isa = PBXFileReference; lastKnownFileType = sourcecode.swift; path = PokemonCell.swift; sourceTree = "<group>"; };
		053DA1A82923DEEE00A8F074 /* PokemonDetailsVC.swift */ = {isa = PBXFileReference; lastKnownFileType = sourcecode.swift; path = PokemonDetailsVC.swift; sourceTree = "<group>"; };
		053DA1AB2923E3C400A8F074 /* PokemonDetailsLabel.swift */ = {isa = PBXFileReference; lastKnownFileType = sourcecode.swift; path = PokemonDetailsLabel.swift; sourceTree = "<group>"; };
		053DA1AE2923EF5100A8F074 /* BackendAPI.swift */ = {isa = PBXFileReference; lastKnownFileType = sourcecode.swift; path = BackendAPI.swift; sourceTree = "<group>"; };
		053DA1B02923F5E000A8F074 /* NetworkManager.swift */ = {isa = PBXFileReference; lastKnownFileType = sourcecode.swift; path = NetworkManager.swift; sourceTree = "<group>"; };
		053DA1B32923F84200A8F074 /* PokemonResults.swift */ = {isa = PBXFileReference; lastKnownFileType = sourcecode.swift; path = PokemonResults.swift; sourceTree = "<group>"; };
		2BD407ED03CD124041FB4E8F /* Pods_Pokemons.framework */ = {isa = PBXFileReference; explicitFileType = wrapper.framework; includeInIndex = 0; path = Pods_Pokemons.framework; sourceTree = BUILT_PRODUCTS_DIR; };
		6A14D6047857BE994376DA2E /* Pods-Pokemons.debug.xcconfig */ = {isa = PBXFileReference; includeInIndex = 1; lastKnownFileType = text.xcconfig; name = "Pods-Pokemons.debug.xcconfig"; path = "Target Support Files/Pods-Pokemons/Pods-Pokemons.debug.xcconfig"; sourceTree = "<group>"; };
		C21F04A2DF44C871349A4EFE /* Pods-Pokemons.release.xcconfig */ = {isa = PBXFileReference; includeInIndex = 1; lastKnownFileType = text.xcconfig; name = "Pods-Pokemons.release.xcconfig"; path = "Target Support Files/Pods-Pokemons/Pods-Pokemons.release.xcconfig"; sourceTree = "<group>"; };
/* End PBXFileReference section */

/* Begin PBXFrameworksBuildPhase section */
		053DA18B2923D2DE00A8F074 /* Frameworks */ = {
			isa = PBXFrameworksBuildPhase;
			buildActionMask = 2147483647;
			files = (
				30E8175D17445A27C3A2070C /* Pods_Pokemons.framework in Frameworks */,
			);
			runOnlyForDeploymentPostprocessing = 0;
		};
/* End PBXFrameworksBuildPhase section */

/* Begin PBXGroup section */
		053DA1852923D2DE00A8F074 = {
			isa = PBXGroup;
			children = (
				053DA1902923D2DE00A8F074 /* Pokemons */,
				053DA18F2923D2DE00A8F074 /* Products */,
				9D7076DEF01A2CBA104F9162 /* Pods */,
				A17D70762E595EB1B84C45DA /* Frameworks */,
			);
			sourceTree = "<group>";
		};
		053DA18F2923D2DE00A8F074 /* Products */ = {
			isa = PBXGroup;
			children = (
				053DA18E2923D2DE00A8F074 /* Pokemons.app */,
			);
			name = Products;
			sourceTree = "<group>";
		};
		053DA1902923D2DE00A8F074 /* Pokemons */ = {
			isa = PBXGroup;
			children = (
				053DA1B22923F80E00A8F074 /* Models */,
				053DA1AD2923EF1200A8F074 /* BackendAPI */,
				053DA1AA2923E37D00A8F074 /* CustomElements */,
				053DA1A52923D6F400A8F074 /* Cell */,
				053DA1912923D2DE00A8F074 /* AppDelegate.swift */,
				053DA1932923D2DE00A8F074 /* SceneDelegate.swift */,
				053DA1952923D2DE00A8F074 /* ViewController.swift */,
				053DA1A82923DEEE00A8F074 /* PokemonDetailsVC.swift */,
				053DA1972923D2DE00A8F074 /* Main.storyboard */,
				053DA19A2923D2DF00A8F074 /* Assets.xcassets */,
				053DA19C2923D2DF00A8F074 /* LaunchScreen.storyboard */,
				053DA19F2923D2DF00A8F074 /* Info.plist */,
			);
			path = Pokemons;
			sourceTree = "<group>";
		};
		053DA1A52923D6F400A8F074 /* Cell */ = {
			isa = PBXGroup;
			children = (
				053DA1A62923D71400A8F074 /* PokemonCell.swift */,
			);
			path = Cell;
			sourceTree = "<group>";
		};
		053DA1AA2923E37D00A8F074 /* CustomElements */ = {
			isa = PBXGroup;
			children = (
				053DA1AB2923E3C400A8F074 /* PokemonDetailsLabel.swift */,
			);
			path = CustomElements;
			sourceTree = "<group>";
		};
		053DA1AD2923EF1200A8F074 /* BackendAPI */ = {
			isa = PBXGroup;
			children = (
				053DA1AE2923EF5100A8F074 /* BackendAPI.swift */,
				053DA1B02923F5E000A8F074 /* NetworkManager.swift */,
			);
			path = BackendAPI;
			sourceTree = "<group>";
		};
		053DA1B22923F80E00A8F074 /* Models */ = {
			isa = PBXGroup;
			children = (
				053DA1B32923F84200A8F074 /* PokemonResults.swift */,
			);
			path = Models;
			sourceTree = "<group>";
		};
		9D7076DEF01A2CBA104F9162 /* Pods */ = {
			isa = PBXGroup;
			children = (
				6A14D6047857BE994376DA2E /* Pods-Pokemons.debug.xcconfig */,
				C21F04A2DF44C871349A4EFE /* Pods-Pokemons.release.xcconfig */,
			);
			path = Pods;
			sourceTree = "<group>";
		};
		A17D70762E595EB1B84C45DA /* Frameworks */ = {
			isa = PBXGroup;
			children = (
				2BD407ED03CD124041FB4E8F /* Pods_Pokemons.framework */,
			);
			name = Frameworks;
			sourceTree = "<group>";
		};
/* End PBXGroup section */

/* Begin PBXNativeTarget section */
		053DA18D2923D2DE00A8F074 /* Pokemons */ = {
			isa = PBXNativeTarget;
			buildConfigurationList = 053DA1A22923D2DF00A8F074 /* Build configuration list for PBXNativeTarget "Pokemons" */;
			buildPhases = (
				F9AE07751575B8EF23B62991 /* [CP] Check Pods Manifest.lock */,
				053DA18A2923D2DE00A8F074 /* Sources */,
				053DA18B2923D2DE00A8F074 /* Frameworks */,
				053DA18C2923D2DE00A8F074 /* Resources */,
				E59B98EE9815E6FF9F5EE7C6 /* [CP] Embed Pods Frameworks */,
			);
			buildRules = (
			);
			dependencies = (
			);
			name = Pokemons;
			productName = Pokemons;
			productReference = 053DA18E2923D2DE00A8F074 /* Pokemons.app */;
			productType = "com.apple.product-type.application";
		};
/* End PBXNativeTarget section */

/* Begin PBXProject section */
		053DA1862923D2DE00A8F074 /* Project object */ = {
			isa = PBXProject;
			attributes = {
				BuildIndependentTargetsInParallel = 1;
				LastSwiftUpdateCheck = 1400;
				LastUpgradeCheck = 1400;
				TargetAttributes = {
					053DA18D2923D2DE00A8F074 = {
						CreatedOnToolsVersion = 14.0;
					};
				};
			};
			buildConfigurationList = 053DA1892923D2DE00A8F074 /* Build configuration list for PBXProject "Pokemons" */;
			compatibilityVersion = "Xcode 14.0";
			developmentRegion = en;
			hasScannedForEncodings = 0;
			knownRegions = (
				en,
				Base,
			);
			mainGroup = 053DA1852923D2DE00A8F074;
			productRefGroup = 053DA18F2923D2DE00A8F074 /* Products */;
			projectDirPath = "";
			projectRoot = "";
			targets = (
				053DA18D2923D2DE00A8F074 /* Pokemons */,
			);
		};
/* End PBXProject section */

/* Begin PBXResourcesBuildPhase section */
		053DA18C2923D2DE00A8F074 /* Resources */ = {
			isa = PBXResourcesBuildPhase;
			buildActionMask = 2147483647;
			files = (
				053DA19E2923D2DF00A8F074 /* LaunchScreen.storyboard in Resources */,
				053DA19B2923D2DF00A8F074 /* Assets.xcassets in Resources */,
				053DA1992923D2DE00A8F074 /* Main.storyboard in Resources */,
			);
			runOnlyForDeploymentPostprocessing = 0;
		};
/* End PBXResourcesBuildPhase section */

/* Begin PBXShellScriptBuildPhase section */
		E59B98EE9815E6FF9F5EE7C6 /* [CP] Embed Pods Frameworks */ = {
			isa = PBXShellScriptBuildPhase;
			buildActionMask = 2147483647;
			files = (
			);
			inputFileListPaths = (
				"${PODS_ROOT}/Target Support Files/Pods-Pokemons/Pods-Pokemons-frameworks-${CONFIGURATION}-input-files.xcfilelist",
			);
			name = "[CP] Embed Pods Frameworks";
			outputFileListPaths = (
				"${PODS_ROOT}/Target Support Files/Pods-Pokemons/Pods-Pokemons-frameworks-${CONFIGURATION}-output-files.xcfilelist",
			);
			runOnlyForDeploymentPostprocessing = 0;
			shellPath = /bin/sh;
			shellScript = "\"${PODS_ROOT}/Target Support Files/Pods-Pokemons/Pods-Pokemons-frameworks.sh\"\n";
			showEnvVarsInLog = 0;
		};
		F9AE07751575B8EF23B62991 /* [CP] Check Pods Manifest.lock */ = {
			isa = PBXShellScriptBuildPhase;
			buildActionMask = 2147483647;
			files = (
			);
			inputFileListPaths = (
			);
			inputPaths = (
				"${PODS_PODFILE_DIR_PATH}/Podfile.lock",
				"${PODS_ROOT}/Manifest.lock",
			);
			name = "[CP] Check Pods Manifest.lock";
			outputFileListPaths = (
			);
			outputPaths = (
				"$(DERIVED_FILE_DIR)/Pods-Pokemons-checkManifestLockResult.txt",
			);
			runOnlyForDeploymentPostprocessing = 0;
			shellPath = /bin/sh;
			shellScript = "diff \"${PODS_PODFILE_DIR_PATH}/Podfile.lock\" \"${PODS_ROOT}/Manifest.lock\" > /dev/null\nif [ $? != 0 ] ; then\n    # print error to STDERR\n    echo \"error: The sandbox is not in sync with the Podfile.lock. Run 'pod install' or update your CocoaPods installation.\" >&2\n    exit 1\nfi\n# This output is used by Xcode 'outputs' to avoid re-running this script phase.\necho \"SUCCESS\" > \"${SCRIPT_OUTPUT_FILE_0}\"\n";
			showEnvVarsInLog = 0;
		};
/* End PBXShellScriptBuildPhase section */

/* Begin PBXSourcesBuildPhase section */
		053DA18A2923D2DE00A8F074 /* Sources */ = {
			isa = PBXSourcesBuildPhase;
			buildActionMask = 2147483647;
			files = (
				053DA1962923D2DE00A8F074 /* ViewController.swift in Sources */,
				053DA1A72923D71400A8F074 /* PokemonCell.swift in Sources */,
				053DA1922923D2DE00A8F074 /* AppDelegate.swift in Sources */,
				053DA1942923D2DE00A8F074 /* SceneDelegate.swift in Sources */,
				053DA1B12923F5E000A8F074 /* NetworkManager.swift in Sources */,
				053DA1B42923F84200A8F074 /* PokemonResults.swift in Sources */,
				053DA1A92923DEEE00A8F074 /* PokemonDetailsVC.swift in Sources */,
				053DA1AF2923EF5100A8F074 /* BackendAPI.swift in Sources */,
				053DA1AC2923E3C400A8F074 /* PokemonDetailsLabel.swift in Sources */,
			);
			runOnlyForDeploymentPostprocessing = 0;
		};
/* End PBXSourcesBuildPhase section */

/* Begin PBXVariantGroup section */
		053DA1972923D2DE00A8F074 /* Main.storyboard */ = {
			isa = PBXVariantGroup;
			children = (
				053DA1982923D2DE00A8F074 /* Base */,
			);
			name = Main.storyboard;
			sourceTree = "<group>";
		};
		053DA19C2923D2DF00A8F074 /* LaunchScreen.storyboard */ = {
			isa = PBXVariantGroup;
			children = (
				053DA19D2923D2DF00A8F074 /* Base */,
			);
			name = LaunchScreen.storyboard;
			sourceTree = "<group>";
		};
/* End PBXVariantGroup section */

/* Begin XCBuildConfiguration section */
		053DA1A02923D2DF00A8F074 /* Debug */ = {
			isa = XCBuildConfiguration;
			buildSettings = {
				ALWAYS_SEARCH_USER_PATHS = NO;
				CLANG_ANALYZER_NONNULL = YES;
				CLANG_ANALYZER_NUMBER_OBJECT_CONVERSION = YES_AGGRESSIVE;
				CLANG_CXX_LANGUAGE_STANDARD = "gnu++20";
				CLANG_ENABLE_MODULES = YES;
				CLANG_ENABLE_OBJC_ARC = YES;
				CLANG_ENABLE_OBJC_WEAK = YES;
				CLANG_WARN_BLOCK_CAPTURE_AUTORELEASING = YES;
				CLANG_WARN_BOOL_CONVERSION = YES;
				CLANG_WARN_COMMA = YES;
				CLANG_WARN_CONSTANT_CONVERSION = YES;
				CLANG_WARN_DEPRECATED_OBJC_IMPLEMENTATIONS = YES;
				CLANG_WARN_DIRECT_OBJC_ISA_USAGE = YES_ERROR;
				CLANG_WARN_DOCUMENTATION_COMMENTS = YES;
				CLANG_WARN_EMPTY_BODY = YES;
				CLANG_WARN_ENUM_CONVERSION = YES;
				CLANG_WARN_INFINITE_RECURSION = YES;
				CLANG_WARN_INT_CONVERSION = YES;
				CLANG_WARN_NON_LITERAL_NULL_CONVERSION = YES;
				CLANG_WARN_OBJC_IMPLICIT_RETAIN_SELF = YES;
				CLANG_WARN_OBJC_LITERAL_CONVERSION = YES;
				CLANG_WARN_OBJC_ROOT_CLASS = YES_ERROR;
				CLANG_WARN_QUOTED_INCLUDE_IN_FRAMEWORK_HEADER = YES;
				CLANG_WARN_RANGE_LOOP_ANALYSIS = YES;
				CLANG_WARN_STRICT_PROTOTYPES = YES;
				CLANG_WARN_SUSPICIOUS_MOVE = YES;
				CLANG_WARN_UNGUARDED_AVAILABILITY = YES_AGGRESSIVE;
				CLANG_WARN_UNREACHABLE_CODE = YES;
				CLANG_WARN__DUPLICATE_METHOD_MATCH = YES;
				COPY_PHASE_STRIP = NO;
				DEBUG_INFORMATION_FORMAT = dwarf;
				ENABLE_STRICT_OBJC_MSGSEND = YES;
				ENABLE_TESTABILITY = YES;
				GCC_C_LANGUAGE_STANDARD = gnu11;
				GCC_DYNAMIC_NO_PIC = NO;
				GCC_NO_COMMON_BLOCKS = YES;
				GCC_OPTIMIZATION_LEVEL = 0;
				GCC_PREPROCESSOR_DEFINITIONS = (
					"DEBUG=1",
					"$(inherited)",
				);
				GCC_WARN_64_TO_32_BIT_CONVERSION = YES;
				GCC_WARN_ABOUT_RETURN_TYPE = YES_ERROR;
				GCC_WARN_UNDECLARED_SELECTOR = YES;
				GCC_WARN_UNINITIALIZED_AUTOS = YES_AGGRESSIVE;
				GCC_WARN_UNUSED_FUNCTION = YES;
				GCC_WARN_UNUSED_VARIABLE = YES;
				IPHONEOS_DEPLOYMENT_TARGET = 16.0;
				MTL_ENABLE_DEBUG_INFO = INCLUDE_SOURCE;
				MTL_FAST_MATH = YES;
				ONLY_ACTIVE_ARCH = YES;
				SDKROOT = iphoneos;
				SWIFT_ACTIVE_COMPILATION_CONDITIONS = DEBUG;
				SWIFT_OPTIMIZATION_LEVEL = "-Onone";
			};
			name = Debug;
		};
		053DA1A12923D2DF00A8F074 /* Release */ = {
			isa = XCBuildConfiguration;
			buildSettings = {
				ALWAYS_SEARCH_USER_PATHS = NO;
				CLANG_ANALYZER_NONNULL = YES;
				CLANG_ANALYZER_NUMBER_OBJECT_CONVERSION = YES_AGGRESSIVE;
				CLANG_CXX_LANGUAGE_STANDARD = "gnu++20";
				CLANG_ENABLE_MODULES = YES;
				CLANG_ENABLE_OBJC_ARC = YES;
				CLANG_ENABLE_OBJC_WEAK = YES;
				CLANG_WARN_BLOCK_CAPTURE_AUTORELEASING = YES;
				CLANG_WARN_BOOL_CONVERSION = YES;
				CLANG_WARN_COMMA = YES;
				CLANG_WARN_CONSTANT_CONVERSION = YES;
				CLANG_WARN_DEPRECATED_OBJC_IMPLEMENTATIONS = YES;
				CLANG_WARN_DIRECT_OBJC_ISA_USAGE = YES_ERROR;
				CLANG_WARN_DOCUMENTATION_COMMENTS = YES;
				CLANG_WARN_EMPTY_BODY = YES;
				CLANG_WARN_ENUM_CONVERSION = YES;
				CLANG_WARN_INFINITE_RECURSION = YES;
				CLANG_WARN_INT_CONVERSION = YES;
				CLANG_WARN_NON_LITERAL_NULL_CONVERSION = YES;
				CLANG_WARN_OBJC_IMPLICIT_RETAIN_SELF = YES;
				CLANG_WARN_OBJC_LITERAL_CONVERSION = YES;
				CLANG_WARN_OBJC_ROOT_CLASS = YES_ERROR;
				CLANG_WARN_QUOTED_INCLUDE_IN_FRAMEWORK_HEADER = YES;
				CLANG_WARN_RANGE_LOOP_ANALYSIS = YES;
				CLANG_WARN_STRICT_PROTOTYPES = YES;
				CLANG_WARN_SUSPICIOUS_MOVE = YES;
				CLANG_WARN_UNGUARDED_AVAILABILITY = YES_AGGRESSIVE;
				CLANG_WARN_UNREACHABLE_CODE = YES;
				CLANG_WARN__DUPLICATE_METHOD_MATCH = YES;
				COPY_PHASE_STRIP = NO;
				DEBUG_INFORMATION_FORMAT = "dwarf-with-dsym";
				ENABLE_NS_ASSERTIONS = NO;
				ENABLE_STRICT_OBJC_MSGSEND = YES;
				GCC_C_LANGUAGE_STANDARD = gnu11;
				GCC_NO_COMMON_BLOCKS = YES;
				GCC_WARN_64_TO_32_BIT_CONVERSION = YES;
				GCC_WARN_ABOUT_RETURN_TYPE = YES_ERROR;
				GCC_WARN_UNDECLARED_SELECTOR = YES;
				GCC_WARN_UNINITIALIZED_AUTOS = YES_AGGRESSIVE;
				GCC_WARN_UNUSED_FUNCTION = YES;
				GCC_WARN_UNUSED_VARIABLE = YES;
				IPHONEOS_DEPLOYMENT_TARGET = 16.0;
				MTL_ENABLE_DEBUG_INFO = NO;
				MTL_FAST_MATH = YES;
				SDKROOT = iphoneos;
				SWIFT_COMPILATION_MODE = wholemodule;
				SWIFT_OPTIMIZATION_LEVEL = "-O";
				VALIDATE_PRODUCT = YES;
			};
			name = Release;
		};
		053DA1A32923D2DF00A8F074 /* Debug */ = {
			isa = XCBuildConfiguration;
			baseConfigurationReference = 6A14D6047857BE994376DA2E /* Pods-Pokemons.debug.xcconfig */;
			buildSettings = {
				ASSETCATALOG_COMPILER_APPICON_NAME = AppIcon;
				ASSETCATALOG_COMPILER_GLOBAL_ACCENT_COLOR_NAME = AccentColor;
				CODE_SIGN_STYLE = Automatic;
				CURRENT_PROJECT_VERSION = 1;
				DEVELOPMENT_TEAM = XHSZKMHDMF;
				GENERATE_INFOPLIST_FILE = YES;
				INFOPLIST_FILE = Pokemons/Info.plist;
				INFOPLIST_KEY_UIApplicationSupportsIndirectInputEvents = YES;
				INFOPLIST_KEY_UILaunchStoryboardName = LaunchScreen;
				INFOPLIST_KEY_UIMainStoryboardFile = Main;
				INFOPLIST_KEY_UISupportedInterfaceOrientations_iPad = "UIInterfaceOrientationPortrait UIInterfaceOrientationPortraitUpsideDown UIInterfaceOrientationLandscapeLeft UIInterfaceOrientationLandscapeRight";
				INFOPLIST_KEY_UISupportedInterfaceOrientations_iPhone = "UIInterfaceOrientationPortrait UIInterfaceOrientationLandscapeLeft UIInterfaceOrientationLandscapeRight";
				LD_RUNPATH_SEARCH_PATHS = (
					"$(inherited)",
					"@executable_path/Frameworks",
				);
				MARKETING_VERSION = 1.0;
				PRODUCT_BUNDLE_IDENTIFIER = SashaZ.Pokemons;
				PRODUCT_NAME = "$(TARGET_NAME)";
				SWIFT_EMIT_LOC_STRINGS = YES;
				SWIFT_VERSION = 5.0;
				TARGETED_DEVICE_FAMILY = "1,2";
			};
			name = Debug;
		};
		053DA1A42923D2DF00A8F074 /* Release */ = {
			isa = XCBuildConfiguration;
			baseConfigurationReference = C21F04A2DF44C871349A4EFE /* Pods-Pokemons.release.xcconfig */;
			buildSettings = {
				ASSETCATALOG_COMPILER_APPICON_NAME = AppIcon;
				ASSETCATALOG_COMPILER_GLOBAL_ACCENT_COLOR_NAME = AccentColor;
				CODE_SIGN_STYLE = Automatic;
				CURRENT_PROJECT_VERSION = 1;
				DEVELOPMENT_TEAM = XHSZKMHDMF;
				GENERATE_INFOPLIST_FILE = YES;
				INFOPLIST_FILE = Pokemons/Info.plist;
				INFOPLIST_KEY_UIApplicationSupportsIndirectInputEvents = YES;
				INFOPLIST_KEY_UILaunchStoryboardName = LaunchScreen;
				INFOPLIST_KEY_UIMainStoryboardFile = Main;
				INFOPLIST_KEY_UISupportedInterfaceOrientations_iPad = "UIInterfaceOrientationPortrait UIInterfaceOrientationPortraitUpsideDown UIInterfaceOrientationLandscapeLeft UIInterfaceOrientationLandscapeRight";
				INFOPLIST_KEY_UISupportedInterfaceOrientations_iPhone = "UIInterfaceOrientationPortrait UIInterfaceOrientationLandscapeLeft UIInterfaceOrientationLandscapeRight";
				LD_RUNPATH_SEARCH_PATHS = (
					"$(inherited)",
					"@executable_path/Frameworks",
				);
				MARKETING_VERSION = 1.0;
				PRODUCT_BUNDLE_IDENTIFIER = SashaZ.Pokemons;
				PRODUCT_NAME = "$(TARGET_NAME)";
				SWIFT_EMIT_LOC_STRINGS = YES;
				SWIFT_VERSION = 5.0;
				TARGETED_DEVICE_FAMILY = "1,2";
			};
			name = Release;
		};
/* End XCBuildConfiguration section */

/* Begin XCConfigurationList section */
		053DA1892923D2DE00A8F074 /* Build configuration list for PBXProject "Pokemons" */ = {
			isa = XCConfigurationList;
			buildConfigurations = (
				053DA1A02923D2DF00A8F074 /* Debug */,
				053DA1A12923D2DF00A8F074 /* Release */,
			);
			defaultConfigurationIsVisible = 0;
			defaultConfigurationName = Release;
		};
		053DA1A22923D2DF00A8F074 /* Build configuration list for PBXNativeTarget "Pokemons" */ = {
			isa = XCConfigurationList;
			buildConfigurations = (
				053DA1A32923D2DF00A8F074 /* Debug */,
				053DA1A42923D2DF00A8F074 /* Release */,
			);
			defaultConfigurationIsVisible = 0;
			defaultConfigurationName = Release;
		};
/* End XCConfigurationList section */
	};
	rootObject = 053DA1862923D2DE00A8F074 /* Project object */;
}
